<?xml version="1.0" encoding="utf-8"?>
<Project ToolsVersion="4.0" xmlns="http://schemas.microsoft.com/developer/msbuild/2003">
  <ItemGroup>
    <Filter Include="Source Files">
      <UniqueIdentifier>{4FC737F1-C7A5-4376-A066-2A32D752A2FF}</UniqueIdentifier>
      <Extensions>cpp;c;cc;cxx;c++;cppm;ixx;def;odl;idl;hpj;bat;asm;asmx</Extensions>
    </Filter>
    <Filter Include="Header Files">
      <UniqueIdentifier>{93995380-89BD-4b04-88EB-625FBE52EBFB}</UniqueIdentifier>
      <Extensions>h;hh;hpp;hxx;h++;hm;inl;inc;ipp;xsd</Extensions>
    </Filter>
    <Filter Include="Resource Files">
      <UniqueIdentifier>{67DA6AB6-F800-4c08-8B7A-83BB121AAD01}</UniqueIdentifier>
      <Extensions>rc;ico;cur;bmp;dlg;rc2;rct;bin;rgs;gif;jpg;jpeg;jpe;resx;tiff;tif;png;wav;mfcribbon-ms</Extensions>
    </Filter>
  </ItemGroup>
  <ItemGroup>
    <ClCompile Include="Src\main.cpp">
      <Filter>Source Files</Filter>
    </ClCompile>
    <ClCompile Include="Src\FbxLoader.cpp">
      <Filter>Source Files</Filter>
    </ClCompile>
    <ClCompile Include="Src\GltfLoader.cpp">
      <Filter>Source Files</Filter>
    </ClCompile>
    <ClCompile Include="Src\Exporter.cpp">
      <Filter>Source Files</Filter>
    </ClCompile>
    <ClCompile Include="Src\Loader.cpp">
      <Filter>Source Files</Filter>
    </ClCompile>
    <ClCompile Include="Src\SkinMesh.cpp">
      <Filter>Source Files</Filter>
    </ClCompile>
    <ClCompile Include="Src\AnimationPlayer.cpp">
      <Filter>Source Files</Filter>
    </ClCompile>
    <ClCompile Include="Src\Visualizer.cpp">
      <Filter>Source Files</Filter>
    </ClCompile>
    <ClCompile Include="Src\XFileLoader.cpp">
      <Filter>Source Files</Filter>
    </ClCompile>
    <ClCompile Include="Src\stb_image_impl.cpp">
      <Filter>Source Files</Filter>
    </ClCompile>
    <ClCompile Include="Src\TextureManager.cpp">
      <Filter>Source Files</Filter>
    </ClCompile>
    <ClCompile Include="Src\ModelManager.cpp">
      <Filter>Source Files</Filter>
    </ClCompile>
    <ClCompile Include="Src\XModelLoader.cpp">
      <Filter>Source Files</Filter>
    </ClCompile>
    <ClCompile Include="Src\AllocateHierarchy.cpp">
      <Filter>Source Files</Filter>
    </ClCompile>
    <ClCompile Include="Src\RenderTargetManager.cpp">
      <Filter>Source Files</Filter>
    </ClCompile>
    <ClCompile Include="Src\D3DContext.cpp">
      <Filter>Source Files</Filter>
    </ClCompile>
    <ClCompile Include="Src\EffectManager.cpp">
      <Filter>Source Files</Filter>
    </ClCompile>
    <ClCompile Include="Src\EngineContext.cpp">
      <Filter>Source Files</Filter>
    </ClCompile>
    <ClCompile Include="Src\Scene3D.cpp">
      <Filter>Source Files</Filter>
    </ClCompile>
    <ClCompile Include="Src\UIManager.cpp">
      <Filter>Source Files</Filter>
    </ClCompile>
    <ClCompile Include="Src\InputHandler.cpp">
      <Filter>Source Files</Filter>
    </ClCompile>
    <ClCompile Include="Src\FullScreenQuad.cpp">
      <Filter>Source Files</Filter>
    </ClCompile>
    <ClCompile Include="Src\CameraController.cpp">
      <Filter>Source Files</Filter>
    </ClCompile>
  </ItemGroup>
  <ItemGroup>
    <ClInclude Include="Src\IModelLoader.h">
      <Filter>Header Files</Filter>
    </ClInclude>
    <ClInclude Include="Src\ITextureManager.h">
      <Filter>Header Files</Filter>
    </ClInclude>
    <ClInclude Include="Src\XModelLoader.h">
      <Filter>Source Files</Filter>
    </ClInclude>
    <ClInclude Include="Src\IRenderTargetManager.h">
      <Filter>Header Files</Filter>
    </ClInclude>
    <ClInclude Include="Src\RenderTargetManager.h">
      <Filter>Source Files</Filter>
    </ClInclude>
    <ClInclude Include="Src\UniqueWithWeak.h">
      <Filter>Header Files</Filter>
    </ClInclude>
    <ClInclude Include="Src\ID3DContext.h">
      <Filter>Header Files</Filter>
    </ClInclude>
    <ClInclude Include="Src\D3DContext.h">
      <Filter>Source Files</Filter>
    </ClInclude>
    <ClInclude Include="Src\IEffectManager.h">
      <Filter>Header Files</Filter>
    </ClInclude>
    <ClInclude Include="Src\EffectManager.h">
      <Filter>Source Files</Filter>
    </ClInclude>
    <ClInclude Include="Src\EngineContext.h">
      <Filter>Source Files</Filter>
    </ClInclude>
    <ClInclude Include="Src\IEngineContext.h">
      <Filter>Header Files</Filter>
    </ClInclude>
    <ClInclude Include="Src\IScene3D.h">
      <Filter>Header Files</Filter>
    </ClInclude>
    <ClInclude Include="Src\Scene3D.h">
      <Filter>Source Files</Filter>
    </ClInclude>
    <ClInclude Include="Src\IUIManager.h">
      <Filter>Header Files</Filter>
    </ClInclude>
    <ClInclude Include="Src\UIManager.h">
      <Filter>Source Files</Filter>
    </ClInclude>
    <ClInclude Include="Src\InputHandler.h">
      <Filter>Source Files</Filter>
    </ClInclude>
    <ClInclude Include="Src\IInputHandler.h">
      <Filter>Header Files</Filter>
    </ClInclude>
    <ClInclude Include="Src\IFullScreenQuad.h">
      <Filter>Header Files</Filter>
    </ClInclude>
    <ClInclude Include="Src\FullScreenQuad.h">
      <Filter>Source Files</Filter>
    </ClInclude>
    <ClInclude Include="Src\IInputListener.h">
      <Filter>Header Files</Filter>
    </ClInclude>
    <ClInclude Include="Src\ICameraController.h">
      <Filter>Header Files</Filter>
    </ClInclude>
    <ClInclude Include="Src\CameraController.h">
      <Filter>Source Files</Filter>
    </ClInclude>
    <ClInclude Include="Src\IUIInputListener.h">
      <Filter>Header Files</Filter>
    </ClInclude>
    <ClInclude Include="Src\ILight.h">
      <Filter>Header Files</Filter>
    </ClInclude>
    <ClInclude Include="Src\ILightManager.h">
      <Filter>Header Files</Filter>
    </ClInclude>
    <ClInclude Include="Src\DirectionalLight.h">
      <Filter>Source Files</Filter>
    </ClInclude>
    <ClInclude Include="Src\LightManager.h">
      <Filter>Source Files</Filter>
    </ClInclude>
    <ClInclude Include="Src\IModelManager.h">
      <Filter>Header Files</Filter>
    </ClInclude>
    <ClInclude Include="Src\XFileTypes.h">
      <Filter>Source Files</Filter>
    </ClInclude>
    <ClInclude Include="Src\XFileLoader.h">
      <Filter>Source Files</Filter>
    </ClInclude>
    <ClInclude Include="Src\Visualizer.h">
      <Filter>Source Files</Filter>
    </ClInclude>
    <ClInclude Include="Src\Utilities.h">
      <Filter>Source Files</Filter>
    </ClInclude>
    <ClInclude Include="Src\Loader.h">
      <Filter>Source Files</Filter>
    </ClInclude>
    <ClInclude Include="Src\ModelData.h">
      <Filter>Source Files</Filter>
    </ClInclude>
    <ClInclude Include="Src\ModelManager.h">
      <Filter>Source Files</Filter>
    </ClInclude>
    <ClInclude Include="Src\Skeleton.h">
      <Filter>Source Files</Filter>
    </ClInclude>
    <ClInclude Include="Src\SkinMesh.h">
      <Filter>Source Files</Filter>
    </ClInclude>
    <ClInclude Include="Src\SkinMeshFactory.h">
      <Filter>Source Files</Filter>
    </ClInclude>
    <ClInclude Include="Src\TextureManager.h">
      <Filter>Source Files</Filter>
    </ClInclude>
    <ClInclude Include="Src\AnimationPlayer.h">
      <Filter>Source Files</Filter>
    </ClInclude>
    <ClInclude Include="Src\Exporter.h">
      <Filter>Source Files</Filter>
    </ClInclude>
    <ClInclude Include="Src\FbxLoader.h">
      <Filter>Source Files</Filter>
    </ClInclude>
    <ClInclude Include="Src\GltfLoader.h">
      <Filter>Source Files</Filter>
    </ClInclude>
    <ClInclude Include="Src\tiny_gltf.h">
      <Filter>Source Files</Filter>
    </ClInclude>
    <ClInclude Include="Src\json.hpp">
      <Filter>Source Files</Filter>
    </ClInclude>
  </ItemGroup>
</Project>